
Microsoft Visual Studio Solution File, Format Version 12.00
# Visual Studio 14
VisualStudioVersion = 14.0.25123.0
MinimumVisualStudioVersion = 10.0.40219.1
Project("{FAE04EC0-301F-11D3-BF4B-00C04F79EFBC}") = "AppPoligon.Droid", "AppPoligon\AppPoligon.Droid\AppPoligon.Droid.csproj", "{915488CF-AD2E-4076-903F-DBA218B830C7}"
EndProject
Project("{FAE04EC0-301F-11D3-BF4B-00C04F79EFBC}") = "AppPoligon.iOS", "AppPoligon\AppPoligon.iOS\AppPoligon.iOS.csproj", "{6C28D9DF-E6CD-4BE5-AF8C-EF045886A330}"
EndProject
Project("{FAE04EC0-301F-11D3-BF4B-00C04F79EFBC}") = "AppPoligon.WinPhone", "AppPoligon\AppPoligon.WinPhone\AppPoligon.WinPhone.csproj", "{8AE4A510-F37A-43EB-8F76-AD617A432805}"
EndProject
Project("{FAE04EC0-301F-11D3-BF4B-00C04F79EFBC}") = "AppPoligon.UWP", "AppPoligon\AppPoligon.UWP\AppPoligon.UWP.csproj", "{A32A4603-CF37-454E-A0BA-37C5D33B04F1}"
EndProject
Project("{FAE04EC0-301F-11D3-BF4B-00C04F79EFBC}") = "AppPoligon.Windows", "AppPoligon\AppPoligon.Windows\AppPoligon.Windows.csproj", "{92DFCD0A-1A4B-410E-A706-EEF74BDAE6C3}"
EndProject
Project("{FAE04EC0-301F-11D3-BF4B-00C04F79EFBC}") = "AppPoligon", "AppPoligon\AppPoligon\AppPoligon.csproj", "{C97B45EE-92B6-4147-BCE9-8000D881D6FA}"
EndProject
Global
	GlobalSection(SolutionConfigurationPlatforms) = preSolution
		Ad-Hoc|Any CPU = Ad-Hoc|Any CPU
		Ad-Hoc|ARM = Ad-Hoc|ARM
		Ad-Hoc|iPhone = Ad-Hoc|iPhone
		Ad-Hoc|iPhoneSimulator = Ad-Hoc|iPhoneSimulator
		Ad-Hoc|x64 = Ad-Hoc|x64
		Ad-Hoc|x86 = Ad-Hoc|x86
		AppStore|Any CPU = AppStore|Any CPU
		AppStore|ARM = AppStore|ARM
		AppStore|iPhone = AppStore|iPhone
		AppStore|iPhoneSimulator = AppStore|iPhoneSimulator
		AppStore|x64 = AppStore|x64
		AppStore|x86 = AppStore|x86
		Debug|Any CPU = Debug|Any CPU
		Debug|ARM = Debug|ARM
		Debug|iPhone = Debug|iPhone
		Debug|iPhoneSimulator = Debug|iPhoneSimulator
		Debug|x64 = Debug|x64
		Debug|x86 = Debug|x86
		Release|Any CPU = Release|Any CPU
		Release|ARM = Release|ARM
		Release|iPhone = Release|iPhone
		Release|iPhoneSimulator = Release|iPhoneSimulator
		Release|x64 = Release|x64
		Release|x86 = Release|x86
	EndGlobalSection
	GlobalSection(ProjectConfigurationPlatforms) = postSolution
		{915488CF-AD2E-4076-903F-DBA218B830C7}.Ad-Hoc|Any CPU.ActiveCfg = Release|Any CPU
		{915488CF-AD2E-4076-903F-DBA218B830C7}.Ad-Hoc|Any CPU.Build.0 = Release|Any CPU
		{915488CF-AD2E-4076-903F-DBA218B830C7}.Ad-Hoc|Any CPU.Deploy.0 = Release|Any CPU
		{915488CF-AD2E-4076-903F-DBA218B830C7}.Ad-Hoc|ARM.ActiveCfg = Release|Any CPU
		{915488CF-AD2E-4076-903F-DBA218B830C7}.Ad-Hoc|ARM.Build.0 = Release|Any CPU
		{915488CF-AD2E-4076-903F-DBA218B830C7}.Ad-Hoc|ARM.Deploy.0 = Release|Any CPU
		{915488CF-AD2E-4076-903F-DBA218B830C7}.Ad-Hoc|iPhone.ActiveCfg = Release|Any CPU
		{915488CF-AD2E-4076-903F-DBA218B830C7}.Ad-Hoc|iPhone.Build.0 = Release|Any CPU
		{915488CF-AD2E-4076-903F-DBA218B830C7}.Ad-Hoc|iPhone.Deploy.0 = Release|Any CPU
		{915488CF-AD2E-4076-903F-DBA218B830C7}.Ad-Hoc|iPhoneSimulator.ActiveCfg = Release|Any CPU
		{915488CF-AD2E-4076-903F-DBA218B830C7}.Ad-Hoc|iPhoneSimulator.Build.0 = Release|Any CPU
		{915488CF-AD2E-4076-903F-DBA218B830C7}.Ad-Hoc|iPhoneSimulator.Deploy.0 = Release|Any CPU
		{915488CF-AD2E-4076-903F-DBA218B830C7}.Ad-Hoc|x64.ActiveCfg = Release|Any CPU
		{915488CF-AD2E-4076-903F-DBA218B830C7}.Ad-Hoc|x64.Build.0 = Release|Any CPU
		{915488CF-AD2E-4076-903F-DBA218B830C7}.Ad-Hoc|x64.Deploy.0 = Release|Any CPU
		{915488CF-AD2E-4076-903F-DBA218B830C7}.Ad-Hoc|x86.ActiveCfg = Release|Any CPU
		{915488CF-AD2E-4076-903F-DBA218B830C7}.Ad-Hoc|x86.Build.0 = Release|Any CPU
		{915488CF-AD2E-4076-903F-DBA218B830C7}.Ad-Hoc|x86.Deploy.0 = Release|Any CPU
		{915488CF-AD2E-4076-903F-DBA218B830C7}.AppStore|Any CPU.ActiveCfg = Release|Any CPU
		{915488CF-AD2E-4076-903F-DBA218B830C7}.AppStore|Any CPU.Build.0 = Release|Any CPU
		{915488CF-AD2E-4076-903F-DBA218B830C7}.AppStore|Any CPU.Deploy.0 = Release|Any CPU
		{915488CF-AD2E-4076-903F-DBA218B830C7}.AppStore|ARM.ActiveCfg = Release|Any CPU
		{915488CF-AD2E-4076-903F-DBA218B830C7}.AppStore|ARM.Build.0 = Release|Any CPU
		{915488CF-AD2E-4076-903F-DBA218B830C7}.AppStore|ARM.Deploy.0 = Release|Any CPU
		{915488CF-AD2E-4076-903F-DBA218B830C7}.AppStore|iPhone.ActiveCfg = Release|Any CPU
		{915488CF-AD2E-4076-903F-DBA218B830C7}.AppStore|iPhone.Build.0 = Release|Any CPU
		{915488CF-AD2E-4076-903F-DBA218B830C7}.AppStore|iPhone.Deploy.0 = Release|Any CPU
		{915488CF-AD2E-4076-903F-DBA218B830C7}.AppStore|iPhoneSimulator.ActiveCfg = Release|Any CPU
		{915488CF-AD2E-4076-903F-DBA218B830C7}.AppStore|iPhoneSimulator.Build.0 = Release|Any CPU
		{915488CF-AD2E-4076-903F-DBA218B830C7}.AppStore|iPhoneSimulator.Deploy.0 = Release|Any CPU
		{915488CF-AD2E-4076-903F-DBA218B830C7}.AppStore|x64.ActiveCfg = Release|Any CPU
		{915488CF-AD2E-4076-903F-DBA218B830C7}.AppStore|x64.Build.0 = Release|Any CPU
		{915488CF-AD2E-4076-903F-DBA218B830C7}.AppStore|x64.Deploy.0 = Release|Any CPU
		{915488CF-AD2E-4076-903F-DBA218B830C7}.AppStore|x86.ActiveCfg = Release|Any CPU
		{915488CF-AD2E-4076-903F-DBA218B830C7}.AppStore|x86.Build.0 = Release|Any CPU
		{915488CF-AD2E-4076-903F-DBA218B830C7}.AppStore|x86.Deploy.0 = Release|Any CPU
		{915488CF-AD2E-4076-903F-DBA218B830C7}.Debug|Any CPU.ActiveCfg = Debug|Any CPU
		{915488CF-AD2E-4076-903F-DBA218B830C7}.Debug|Any CPU.Build.0 = Debug|Any CPU
		{915488CF-AD2E-4076-903F-DBA218B830C7}.Debug|Any CPU.Deploy.0 = Debug|Any CPU
		{915488CF-AD2E-4076-903F-DBA218B830C7}.Debug|ARM.ActiveCfg = Debug|Any CPU
		{915488CF-AD2E-4076-903F-DBA218B830C7}.Debug|ARM.Build.0 = Debug|Any CPU
		{915488CF-AD2E-4076-903F-DBA218B830C7}.Debug|ARM.Deploy.0 = Debug|Any CPU
		{915488CF-AD2E-4076-903F-DBA218B830C7}.Debug|iPhone.ActiveCfg = Debug|Any CPU
		{915488CF-AD2E-4076-903F-DBA218B830C7}.Debug|iPhone.Build.0 = Debug|Any CPU
		{915488CF-AD2E-4076-903F-DBA218B830C7}.Debug|iPhone.Deploy.0 = Debug|Any CPU
		{915488CF-AD2E-4076-903F-DBA218B830C7}.Debug|iPhoneSimulator.ActiveCfg = Debug|Any CPU
		{915488CF-AD2E-4076-903F-DBA218B830C7}.Debug|iPhoneSimulator.Build.0 = Debug|Any CPU
		{915488CF-AD2E-4076-903F-DBA218B830C7}.Debug|iPhoneSimulator.Deploy.0 = Debug|Any CPU
		{915488CF-AD2E-4076-903F-DBA218B830C7}.Debug|x64.ActiveCfg = Debug|Any CPU
		{915488CF-AD2E-4076-903F-DBA218B830C7}.Debug|x64.Build.0 = Debug|Any CPU
		{915488CF-AD2E-4076-903F-DBA218B830C7}.Debug|x64.Deploy.0 = Debug|Any CPU
		{915488CF-AD2E-4076-903F-DBA218B830C7}.Debug|x86.ActiveCfg = Debug|Any CPU
		{915488CF-AD2E-4076-903F-DBA218B830C7}.Debug|x86.Build.0 = Debug|Any CPU
		{915488CF-AD2E-4076-903F-DBA218B830C7}.Debug|x86.Deploy.0 = Debug|Any CPU
		{915488CF-AD2E-4076-903F-DBA218B830C7}.Release|Any CPU.ActiveCfg = Release|Any CPU
		{915488CF-AD2E-4076-903F-DBA218B830C7}.Release|Any CPU.Build.0 = Release|Any CPU
		{915488CF-AD2E-4076-903F-DBA218B830C7}.Release|Any CPU.Deploy.0 = Release|Any CPU
		{915488CF-AD2E-4076-903F-DBA218B830C7}.Release|ARM.ActiveCfg = Release|Any CPU
		{915488CF-AD2E-4076-903F-DBA218B830C7}.Release|ARM.Build.0 = Release|Any CPU
		{915488CF-AD2E-4076-903F-DBA218B830C7}.Release|ARM.Deploy.0 = Release|Any CPU
		{915488CF-AD2E-4076-903F-DBA218B830C7}.Release|iPhone.ActiveCfg = Release|Any CPU
		{915488CF-AD2E-4076-903F-DBA218B830C7}.Release|iPhone.Build.0 = Release|Any CPU
		{915488CF-AD2E-4076-903F-DBA218B830C7}.Release|iPhone.Deploy.0 = Release|Any CPU
		{915488CF-AD2E-4076-903F-DBA218B830C7}.Release|iPhoneSimulator.ActiveCfg = Release|Any CPU
		{915488CF-AD2E-4076-903F-DBA218B830C7}.Release|iPhoneSimulator.Build.0 = Release|Any CPU
		{915488CF-AD2E-4076-903F-DBA218B830C7}.Release|iPhoneSimulator.Deploy.0 = Release|Any CPU
		{915488CF-AD2E-4076-903F-DBA218B830C7}.Release|x64.ActiveCfg = Release|Any CPU
		{915488CF-AD2E-4076-903F-DBA218B830C7}.Release|x64.Build.0 = Release|Any CPU
		{915488CF-AD2E-4076-903F-DBA218B830C7}.Release|x64.Deploy.0 = Release|Any CPU
		{915488CF-AD2E-4076-903F-DBA218B830C7}.Release|x86.ActiveCfg = Release|Any CPU
		{915488CF-AD2E-4076-903F-DBA218B830C7}.Release|x86.Build.0 = Release|Any CPU
		{915488CF-AD2E-4076-903F-DBA218B830C7}.Release|x86.Deploy.0 = Release|Any CPU
		{6C28D9DF-E6CD-4BE5-AF8C-EF045886A330}.Ad-Hoc|Any CPU.ActiveCfg = Ad-Hoc|iPhone
		{6C28D9DF-E6CD-4BE5-AF8C-EF045886A330}.Ad-Hoc|ARM.ActiveCfg = Ad-Hoc|iPhone
		{6C28D9DF-E6CD-4BE5-AF8C-EF045886A330}.Ad-Hoc|iPhone.ActiveCfg = Ad-Hoc|iPhone
		{6C28D9DF-E6CD-4BE5-AF8C-EF045886A330}.Ad-Hoc|iPhone.Build.0 = Ad-Hoc|iPhone
		{6C28D9DF-E6CD-4BE5-AF8C-EF045886A330}.Ad-Hoc|iPhoneSimulator.ActiveCfg = Ad-Hoc|iPhoneSimulator
		{6C28D9DF-E6CD-4BE5-AF8C-EF045886A330}.Ad-Hoc|iPhoneSimulator.Build.0 = Ad-Hoc|iPhoneSimulator
		{6C28D9DF-E6CD-4BE5-AF8C-EF045886A330}.Ad-Hoc|x64.ActiveCfg = Ad-Hoc|iPhone
		{6C28D9DF-E6CD-4BE5-AF8C-EF045886A330}.Ad-Hoc|x86.ActiveCfg = Ad-Hoc|iPhone
		{6C28D9DF-E6CD-4BE5-AF8C-EF045886A330}.AppStore|Any CPU.ActiveCfg = AppStore|iPhone
		{6C28D9DF-E6CD-4BE5-AF8C-EF045886A330}.AppStore|ARM.ActiveCfg = AppStore|iPhone
		{6C28D9DF-E6CD-4BE5-AF8C-EF045886A330}.AppStore|iPhone.ActiveCfg = AppStore|iPhone
		{6C28D9DF-E6CD-4BE5-AF8C-EF045886A330}.AppStore|iPhone.Build.0 = AppStore|iPhone
		{6C28D9DF-E6CD-4BE5-AF8C-EF045886A330}.AppStore|iPhoneSimulator.ActiveCfg = AppStore|iPhoneSimulator
		{6C28D9DF-E6CD-4BE5-AF8C-EF045886A330}.AppStore|iPhoneSimulator.Build.0 = AppStore|iPhoneSimulator
		{6C28D9DF-E6CD-4BE5-AF8C-EF045886A330}.AppStore|x64.ActiveCfg = AppStore|iPhone
		{6C28D9DF-E6CD-4BE5-AF8C-EF045886A330}.AppStore|x86.ActiveCfg = AppStore|iPhone
		{6C28D9DF-E6CD-4BE5-AF8C-EF045886A330}.Debug|Any CPU.ActiveCfg = Debug|iPhone
		{6C28D9DF-E6CD-4BE5-AF8C-EF045886A330}.Debug|ARM.ActiveCfg = Debug|iPhone
		{6C28D9DF-E6CD-4BE5-AF8C-EF045886A330}.Debug|iPhone.ActiveCfg = Debug|iPhone
		{6C28D9DF-E6CD-4BE5-AF8C-EF045886A330}.Debug|iPhone.Build.0 = Debug|iPhone
		{6C28D9DF-E6CD-4BE5-AF8C-EF045886A330}.Debug|iPhoneSimulator.ActiveCfg = Debug|iPhoneSimulator
		{6C28D9DF-E6CD-4BE5-AF8C-EF045886A330}.Debug|iPhoneSimulator.Build.0 = Debug|iPhoneSimulator
		{6C28D9DF-E6CD-4BE5-AF8C-EF045886A330}.Debug|x64.ActiveCfg = Debug|iPhone
		{6C28D9DF-E6CD-4BE5-AF8C-EF045886A330}.Debug|x86.ActiveCfg = Debug|iPhone
		{6C28D9DF-E6CD-4BE5-AF8C-EF045886A330}.Release|Any CPU.ActiveCfg = Release|iPhone
		{6C28D9DF-E6CD-4BE5-AF8C-EF045886A330}.Release|ARM.ActiveCfg = Release|iPhone
		{6C28D9DF-E6CD-4BE5-AF8C-EF045886A330}.Release|iPhone.ActiveCfg = Release|iPhone
		{6C28D9DF-E6CD-4BE5-AF8C-EF045886A330}.Release|iPhone.Build.0 = Release|iPhone
		{6C28D9DF-E6CD-4BE5-AF8C-EF045886A330}.Release|iPhoneSimulator.ActiveCfg = Release|iPhoneSimulator
		{6C28D9DF-E6CD-4BE5-AF8C-EF045886A330}.Release|iPhoneSimulator.Build.0 = Release|iPhoneSimulator
		{6C28D9DF-E6CD-4BE5-AF8C-EF045886A330}.Release|x64.ActiveCfg = Release|iPhone
		{6C28D9DF-E6CD-4BE5-AF8C-EF045886A330}.Release|x86.ActiveCfg = Release|iPhone
		{8AE4A510-F37A-43EB-8F76-AD617A432805}.Ad-Hoc|Any CPU.ActiveCfg = Release|Any CPU
		{8AE4A510-F37A-43EB-8F76-AD617A432805}.Ad-Hoc|Any CPU.Build.0 = Release|Any CPU
		{8AE4A510-F37A-43EB-8F76-AD617A432805}.Ad-Hoc|Any CPU.Deploy.0 = Release|Any CPU
		{8AE4A510-F37A-43EB-8F76-AD617A432805}.Ad-Hoc|ARM.ActiveCfg = Release|ARM
		{8AE4A510-F37A-43EB-8F76-AD617A432805}.Ad-Hoc|ARM.Build.0 = Release|ARM
		{8AE4A510-F37A-43EB-8F76-AD617A432805}.Ad-Hoc|ARM.Deploy.0 = Release|ARM
		{8AE4A510-F37A-43EB-8F76-AD617A432805}.Ad-Hoc|iPhone.ActiveCfg = Release|Any CPU
		{8AE4A510-F37A-43EB-8F76-AD617A432805}.Ad-Hoc|iPhone.Build.0 = Release|Any CPU
		{8AE4A510-F37A-43EB-8F76-AD617A432805}.Ad-Hoc|iPhone.Deploy.0 = Release|Any CPU
		{8AE4A510-F37A-43EB-8F76-AD617A432805}.Ad-Hoc|iPhoneSimulator.ActiveCfg = Release|Any CPU
		{8AE4A510-F37A-43EB-8F76-AD617A432805}.Ad-Hoc|iPhoneSimulator.Build.0 = Release|Any CPU
		{8AE4A510-F37A-43EB-8F76-AD617A432805}.Ad-Hoc|iPhoneSimulator.Deploy.0 = Release|Any CPU
		{8AE4A510-F37A-43EB-8F76-AD617A432805}.Ad-Hoc|x64.ActiveCfg = Release|Any CPU
		{8AE4A510-F37A-43EB-8F76-AD617A432805}.Ad-Hoc|x64.Build.0 = Release|Any CPU
		{8AE4A510-F37A-43EB-8F76-AD617A432805}.Ad-Hoc|x64.Deploy.0 = Release|Any CPU
		{8AE4A510-F37A-43EB-8F76-AD617A432805}.Ad-Hoc|x86.ActiveCfg = Release|x86
		{8AE4A510-F37A-43EB-8F76-AD617A432805}.Ad-Hoc|x86.Build.0 = Release|x86
		{8AE4A510-F37A-43EB-8F76-AD617A432805}.Ad-Hoc|x86.Deploy.0 = Release|x86
		{8AE4A510-F37A-43EB-8F76-AD617A432805}.AppStore|Any CPU.ActiveCfg = Release|Any CPU
		{8AE4A510-F37A-43EB-8F76-AD617A432805}.AppStore|Any CPU.Build.0 = Release|Any CPU
		{8AE4A510-F37A-43EB-8F76-AD617A432805}.AppStore|Any CPU.Deploy.0 = Release|Any CPU
		{8AE4A510-F37A-43EB-8F76-AD617A432805}.AppStore|ARM.ActiveCfg = Release|ARM
		{8AE4A510-F37A-43EB-8F76-AD617A432805}.AppStore|ARM.Build.0 = Release|ARM
		{8AE4A510-F37A-43EB-8F76-AD617A432805}.AppStore|ARM.Deploy.0 = Release|ARM
		{8AE4A510-F37A-43EB-8F76-AD617A432805}.AppStore|iPhone.ActiveCfg = Release|Any CPU
		{8AE4A510-F37A-43EB-8F76-AD617A432805}.AppStore|iPhone.Build.0 = Release|Any CPU
		{8AE4A510-F37A-43EB-8F76-AD617A432805}.AppStore|iPhone.Deploy.0 = Release|Any CPU
		{8AE4A510-F37A-43EB-8F76-AD617A432805}.AppStore|iPhoneSimulator.ActiveCfg = Release|Any CPU
		{8AE4A510-F37A-43EB-8F76-AD617A432805}.AppStore|iPhoneSimulator.Build.0 = Release|Any CPU
		{8AE4A510-F37A-43EB-8F76-AD617A432805}.AppStore|iPhoneSimulator.Deploy.0 = Release|Any CPU
		{8AE4A510-F37A-43EB-8F76-AD617A432805}.AppStore|x64.ActiveCfg = Release|Any CPU
		{8AE4A510-F37A-43EB-8F76-AD617A432805}.AppStore|x64.Build.0 = Release|Any CPU
		{8AE4A510-F37A-43EB-8F76-AD617A432805}.AppStore|x64.Deploy.0 = Release|Any CPU
		{8AE4A510-F37A-43EB-8F76-AD617A432805}.AppStore|x86.ActiveCfg = Release|x86
		{8AE4A510-F37A-43EB-8F76-AD617A432805}.AppStore|x86.Build.0 = Release|x86
		{8AE4A510-F37A-43EB-8F76-AD617A432805}.AppStore|x86.Deploy.0 = Release|x86
		{8AE4A510-F37A-43EB-8F76-AD617A432805}.Debug|Any CPU.ActiveCfg = Debug|Any CPU
		{8AE4A510-F37A-43EB-8F76-AD617A432805}.Debug|Any CPU.Build.0 = Debug|Any CPU
		{8AE4A510-F37A-43EB-8F76-AD617A432805}.Debug|Any CPU.Deploy.0 = Debug|Any CPU
		{8AE4A510-F37A-43EB-8F76-AD617A432805}.Debug|ARM.ActiveCfg = Debug|ARM
		{8AE4A510-F37A-43EB-8F76-AD617A432805}.Debug|ARM.Build.0 = Debug|ARM
		{8AE4A510-F37A-43EB-8F76-AD617A432805}.Debug|ARM.Deploy.0 = Debug|ARM
		{8AE4A510-F37A-43EB-8F76-AD617A432805}.Debug|iPhone.ActiveCfg = Debug|Any CPU
		{8AE4A510-F37A-43EB-8F76-AD617A432805}.Debug|iPhone.Build.0 = Debug|Any CPU
		{8AE4A510-F37A-43EB-8F76-AD617A432805}.Debug|iPhone.Deploy.0 = Debug|Any CPU
		{8AE4A510-F37A-43EB-8F76-AD617A432805}.Debug|iPhoneSimulator.ActiveCfg = Debug|Any CPU
		{8AE4A510-F37A-43EB-8F76-AD617A432805}.Debug|iPhoneSimulator.Build.0 = Debug|Any CPU
		{8AE4A510-F37A-43EB-8F76-AD617A432805}.Debug|iPhoneSimulator.Deploy.0 = Debug|Any CPU
		{8AE4A510-F37A-43EB-8F76-AD617A432805}.Debug|x64.ActiveCfg = Debug|Any CPU
		{8AE4A510-F37A-43EB-8F76-AD617A432805}.Debug|x64.Build.0 = Debug|Any CPU
		{8AE4A510-F37A-43EB-8F76-AD617A432805}.Debug|x64.Deploy.0 = Debug|Any CPU
		{8AE4A510-F37A-43EB-8F76-AD617A432805}.Debug|x86.ActiveCfg = Debug|x86
		{8AE4A510-F37A-43EB-8F76-AD617A432805}.Debug|x86.Build.0 = Debug|x86
		{8AE4A510-F37A-43EB-8F76-AD617A432805}.Debug|x86.Deploy.0 = Debug|x86
		{8AE4A510-F37A-43EB-8F76-AD617A432805}.Release|Any CPU.ActiveCfg = Release|Any CPU
		{8AE4A510-F37A-43EB-8F76-AD617A432805}.Release|Any CPU.Build.0 = Release|Any CPU
		{8AE4A510-F37A-43EB-8F76-AD617A432805}.Release|Any CPU.Deploy.0 = Release|Any CPU
		{8AE4A510-F37A-43EB-8F76-AD617A432805}.Release|ARM.ActiveCfg = Release|ARM
		{8AE4A510-F37A-43EB-8F76-AD617A432805}.Release|ARM.Build.0 = Release|ARM
		{8AE4A510-F37A-43EB-8F76-AD617A432805}.Release|ARM.Deploy.0 = Release|ARM
		{8AE4A510-F37A-43EB-8F76-AD617A432805}.Release|iPhone.ActiveCfg = Release|Any CPU
		{8AE4A510-F37A-43EB-8F76-AD617A432805}.Release|iPhone.Build.0 = Release|Any CPU
		{8AE4A510-F37A-43EB-8F76-AD617A432805}.Release|iPhone.Deploy.0 = Release|Any CPU
		{8AE4A510-F37A-43EB-8F76-AD617A432805}.Release|iPhoneSimulator.ActiveCfg = Release|Any CPU
		{8AE4A510-F37A-43EB-8F76-AD617A432805}.Release|iPhoneSimulator.Build.0 = Release|Any CPU
		{8AE4A510-F37A-43EB-8F76-AD617A432805}.Release|iPhoneSimulator.Deploy.0 = Release|Any CPU
		{8AE4A510-F37A-43EB-8F76-AD617A432805}.Release|x64.ActiveCfg = Release|Any CPU
		{8AE4A510-F37A-43EB-8F76-AD617A432805}.Release|x64.Build.0 = Release|Any CPU
		{8AE4A510-F37A-43EB-8F76-AD617A432805}.Release|x64.Deploy.0 = Release|Any CPU
		{8AE4A510-F37A-43EB-8F76-AD617A432805}.Release|x86.ActiveCfg = Release|x86
		{8AE4A510-F37A-43EB-8F76-AD617A432805}.Release|x86.Build.0 = Release|x86
		{8AE4A510-F37A-43EB-8F76-AD617A432805}.Release|x86.Deploy.0 = Release|x86
		{A32A4603-CF37-454E-A0BA-37C5D33B04F1}.Ad-Hoc|Any CPU.ActiveCfg = Release|x86
		{A32A4603-CF37-454E-A0BA-37C5D33B04F1}.Ad-Hoc|Any CPU.Build.0 = Release|x86
		{A32A4603-CF37-454E-A0BA-37C5D33B04F1}.Ad-Hoc|Any CPU.Deploy.0 = Release|x86
		{A32A4603-CF37-454E-A0BA-37C5D33B04F1}.Ad-Hoc|ARM.ActiveCfg = Release|ARM
		{A32A4603-CF37-454E-A0BA-37C5D33B04F1}.Ad-Hoc|ARM.Build.0 = Release|ARM
		{A32A4603-CF37-454E-A0BA-37C5D33B04F1}.Ad-Hoc|ARM.Deploy.0 = Release|ARM
		{A32A4603-CF37-454E-A0BA-37C5D33B04F1}.Ad-Hoc|iPhone.ActiveCfg = Release|x86
		{A32A4603-CF37-454E-A0BA-37C5D33B04F1}.Ad-Hoc|iPhone.Build.0 = Release|x86
		{A32A4603-CF37-454E-A0BA-37C5D33B04F1}.Ad-Hoc|iPhone.Deploy.0 = Release|x86
		{A32A4603-CF37-454E-A0BA-37C5D33B04F1}.Ad-Hoc|iPhoneSimulator.ActiveCfg = Release|x86
		{A32A4603-CF37-454E-A0BA-37C5D33B04F1}.Ad-Hoc|iPhoneSimulator.Build.0 = Release|x86
		{A32A4603-CF37-454E-A0BA-37C5D33B04F1}.Ad-Hoc|iPhoneSimulator.Deploy.0 = Release|x86
		{A32A4603-CF37-454E-A0BA-37C5D33B04F1}.Ad-Hoc|x64.ActiveCfg = Release|x64
		{A32A4603-CF37-454E-A0BA-37C5D33B04F1}.Ad-Hoc|x64.Build.0 = Release|x64
		{A32A4603-CF37-454E-A0BA-37C5D33B04F1}.Ad-Hoc|x64.Deploy.0 = Release|x64
		{A32A4603-CF37-454E-A0BA-37C5D33B04F1}.Ad-Hoc|x86.ActiveCfg = Release|x86
		{A32A4603-CF37-454E-A0BA-37C5D33B04F1}.Ad-Hoc|x86.Build.0 = Release|x86
		{A32A4603-CF37-454E-A0BA-37C5D33B04F1}.Ad-Hoc|x86.Deploy.0 = Release|x86
		{A32A4603-CF37-454E-A0BA-37C5D33B04F1}.AppStore|Any CPU.ActiveCfg = Release|x86
		{A32A4603-CF37-454E-A0BA-37C5D33B04F1}.AppStore|Any CPU.Build.0 = Release|x86
		{A32A4603-CF37-454E-A0BA-37C5D33B04F1}.AppStore|Any CPU.Deploy.0 = Release|x86
		{A32A4603-CF37-454E-A0BA-37C5D33B04F1}.AppStore|ARM.ActiveCfg = Release|ARM
		{A32A4603-CF37-454E-A0BA-37C5D33B04F1}.AppStore|ARM.Build.0 = Release|ARM
		{A32A4603-CF37-454E-A0BA-37C5D33B04F1}.AppStore|ARM.Deploy.0 = Release|ARM
		{A32A4603-CF37-454E-A0BA-37C5D33B04F1}.AppStore|iPhone.ActiveCfg = Release|x86
		{A32A4603-CF37-454E-A0BA-37C5D33B04F1}.AppStore|iPhone.Build.0 = Release|x86
		{A32A4603-CF37-454E-A0BA-37C5D33B04F1}.AppStore|iPhone.Deploy.0 = Release|x86
		{A32A4603-CF37-454E-A0BA-37C5D33B04F1}.AppStore|iPhoneSimulator.ActiveCfg = Release|x86
		{A32A4603-CF37-454E-A0BA-37C5D33B04F1}.AppStore|iPhoneSimulator.Build.0 = Release|x86
		{A32A4603-CF37-454E-A0BA-37C5D33B04F1}.AppStore|iPhoneSimulator.Deploy.0 = Release|x86
		{A32A4603-CF37-454E-A0BA-37C5D33B04F1}.AppStore|x64.ActiveCfg = Release|x64
		{A32A4603-CF37-454E-A0BA-37C5D33B04F1}.AppStore|x64.Build.0 = Release|x64
		{A32A4603-CF37-454E-A0BA-37C5D33B04F1}.AppStore|x64.Deploy.0 = Release|x64
		{A32A4603-CF37-454E-A0BA-37C5D33B04F1}.AppStore|x86.ActiveCfg = Release|x86
		{A32A4603-CF37-454E-A0BA-37C5D33B04F1}.AppStore|x86.Build.0 = Release|x86
		{A32A4603-CF37-454E-A0BA-37C5D33B04F1}.AppStore|x86.Deploy.0 = Release|x86
		{A32A4603-CF37-454E-A0BA-37C5D33B04F1}.Debug|Any CPU.ActiveCfg = Debug|x86
		{A32A4603-CF37-454E-A0BA-37C5D33B04F1}.Debug|ARM.ActiveCfg = Debug|ARM
		{A32A4603-CF37-454E-A0BA-37C5D33B04F1}.Debug|ARM.Build.0 = Debug|ARM
		{A32A4603-CF37-454E-A0BA-37C5D33B04F1}.Debug|ARM.Deploy.0 = Debug|ARM
		{A32A4603-CF37-454E-A0BA-37C5D33B04F1}.Debug|iPhone.ActiveCfg = Debug|x86
		{A32A4603-CF37-454E-A0BA-37C5D33B04F1}.Debug|iPhoneSimulator.ActiveCfg = Debug|x86
		{A32A4603-CF37-454E-A0BA-37C5D33B04F1}.Debug|x64.ActiveCfg = Debug|x64
		{A32A4603-CF37-454E-A0BA-37C5D33B04F1}.Debug|x64.Build.0 = Debug|x64
		{A32A4603-CF37-454E-A0BA-37C5D33B04F1}.Debug|x64.Deploy.0 = Debug|x64
		{A32A4603-CF37-454E-A0BA-37C5D33B04F1}.Debug|x86.ActiveCfg = Debug|x86
		{A32A4603-CF37-454E-A0BA-37C5D33B04F1}.Debug|x86.Build.0 = Debug|x86
		{A32A4603-CF37-454E-A0BA-37C5D33B04F1}.Debug|x86.Deploy.0 = Debug|x86
		{A32A4603-CF37-454E-A0BA-37C5D33B04F1}.Release|Any CPU.ActiveCfg = Release|x86
		{A32A4603-CF37-454E-A0BA-37C5D33B04F1}.Release|ARM.ActiveCfg = Release|ARM
		{A32A4603-CF37-454E-A0BA-37C5D33B04F1}.Release|ARM.Build.0 = Release|ARM
		{A32A4603-CF37-454E-A0BA-37C5D33B04F1}.Release|ARM.Deploy.0 = Release|ARM
		{A32A4603-CF37-454E-A0BA-37C5D33B04F1}.Release|iPhone.ActiveCfg = Release|x86
		{A32A4603-CF37-454E-A0BA-37C5D33B04F1}.Release|iPhoneSimulator.ActiveCfg = Release|x86
		{A32A4603-CF37-454E-A0BA-37C5D33B04F1}.Release|x64.ActiveCfg = Release|x64
		{A32A4603-CF37-454E-A0BA-37C5D33B04F1}.Release|x64.Build.0 = Release|x64
		{A32A4603-CF37-454E-A0BA-37C5D33B04F1}.Release|x64.Deploy.0 = Release|x64
		{A32A4603-CF37-454E-A0BA-37C5D33B04F1}.Release|x86.ActiveCfg = Release|x86
		{A32A4603-CF37-454E-A0BA-37C5D33B04F1}.Release|x86.Build.0 = Release|x86
		{A32A4603-CF37-454E-A0BA-37C5D33B04F1}.Release|x86.Deploy.0 = Release|x86
		{92DFCD0A-1A4B-410E-A706-EEF74BDAE6C3}.Ad-Hoc|Any CPU.ActiveCfg = Release|Any CPU
		{92DFCD0A-1A4B-410E-A706-EEF74BDAE6C3}.Ad-Hoc|Any CPU.Build.0 = Release|Any CPU
		{92DFCD0A-1A4B-410E-A706-EEF74BDAE6C3}.Ad-Hoc|Any CPU.Deploy.0 = Release|Any CPU
		{92DFCD0A-1A4B-410E-A706-EEF74BDAE6C3}.Ad-Hoc|ARM.ActiveCfg = Release|ARM
		{92DFCD0A-1A4B-410E-A706-EEF74BDAE6C3}.Ad-Hoc|ARM.Build.0 = Release|ARM
		{92DFCD0A-1A4B-410E-A706-EEF74BDAE6C3}.Ad-Hoc|ARM.Deploy.0 = Release|ARM
		{92DFCD0A-1A4B-410E-A706-EEF74BDAE6C3}.Ad-Hoc|iPhone.ActiveCfg = Release|Any CPU
		{92DFCD0A-1A4B-410E-A706-EEF74BDAE6C3}.Ad-Hoc|iPhone.Build.0 = Release|Any CPU
		{92DFCD0A-1A4B-410E-A706-EEF74BDAE6C3}.Ad-Hoc|iPhone.Deploy.0 = Release|Any CPU
		{92DFCD0A-1A4B-410E-A706-EEF74BDAE6C3}.Ad-Hoc|iPhoneSimulator.ActiveCfg = Release|Any CPU
		{92DFCD0A-1A4B-410E-A706-EEF74BDAE6C3}.Ad-Hoc|iPhoneSimulator.Build.0 = Release|Any CPU
		{92DFCD0A-1A4B-410E-A706-EEF74BDAE6C3}.Ad-Hoc|iPhoneSimulator.Deploy.0 = Release|Any CPU
		{92DFCD0A-1A4B-410E-A706-EEF74BDAE6C3}.Ad-Hoc|x64.ActiveCfg = Release|x64
		{92DFCD0A-1A4B-410E-A706-EEF74BDAE6C3}.Ad-Hoc|x64.Build.0 = Release|x64
		{92DFCD0A-1A4B-410E-A706-EEF74BDAE6C3}.Ad-Hoc|x64.Deploy.0 = Release|x64
		{92DFCD0A-1A4B-410E-A706-EEF74BDAE6C3}.Ad-Hoc|x86.ActiveCfg = Release|x86
		{92DFCD0A-1A4B-410E-A706-EEF74BDAE6C3}.Ad-Hoc|x86.Build.0 = Release|x86
		{92DFCD0A-1A4B-410E-A706-EEF74BDAE6C3}.Ad-Hoc|x86.Deploy.0 = Release|x86
		{92DFCD0A-1A4B-410E-A706-EEF74BDAE6C3}.AppStore|Any CPU.ActiveCfg = Release|Any CPU
		{92DFCD0A-1A4B-410E-A706-EEF74BDAE6C3}.AppStore|Any CPU.Build.0 = Release|Any CPU
		{92DFCD0A-1A4B-410E-A706-EEF74BDAE6C3}.AppStore|Any CPU.Deploy.0 = Release|Any CPU
		{92DFCD0A-1A4B-410E-A706-EEF74BDAE6C3}.AppStore|ARM.ActiveCfg = Release|ARM
		{92DFCD0A-1A4B-410E-A706-EEF74BDAE6C3}.AppStore|ARM.Build.0 = Release|ARM
		{92DFCD0A-1A4B-410E-A706-EEF74BDAE6C3}.AppStore|ARM.Deploy.0 = Release|ARM
		{92DFCD0A-1A4B-410E-A706-EEF74BDAE6C3}.AppStore|iPhone.ActiveCfg = Release|Any CPU
		{92DFCD0A-1A4B-410E-A706-EEF74BDAE6C3}.AppStore|iPhone.Build.0 = Release|Any CPU
		{92DFCD0A-1A4B-410E-A706-EEF74BDAE6C3}.AppStore|iPhone.Deploy.0 = Release|Any CPU
		{92DFCD0A-1A4B-410E-A706-EEF74BDAE6C3}.AppStore|iPhoneSimulator.ActiveCfg = Release|Any CPU
		{92DFCD0A-1A4B-410E-A706-EEF74BDAE6C3}.AppStore|iPhoneSimulator.Build.0 = Release|Any CPU
		{92DFCD0A-1A4B-410E-A706-EEF74BDAE6C3}.AppStore|iPhoneSimulator.Deploy.0 = Release|Any CPU
		{92DFCD0A-1A4B-410E-A706-EEF74BDAE6C3}.AppStore|x64.ActiveCfg = Release|x64
		{92DFCD0A-1A4B-410E-A706-EEF74BDAE6C3}.AppStore|x64.Build.0 = Release|x64
		{92DFCD0A-1A4B-410E-A706-EEF74BDAE6C3}.AppStore|x64.Deploy.0 = Release|x64
		{92DFCD0A-1A4B-410E-A706-EEF74BDAE6C3}.AppStore|x86.ActiveCfg = Release|x86
		{92DFCD0A-1A4B-410E-A706-EEF74BDAE6C3}.AppStore|x86.Build.0 = Release|x86
		{92DFCD0A-1A4B-410E-A706-EEF74BDAE6C3}.AppStore|x86.Deploy.0 = Release|x86
		{92DFCD0A-1A4B-410E-A706-EEF74BDAE6C3}.Debug|Any CPU.ActiveCfg = Debug|Any CPU
		{92DFCD0A-1A4B-410E-A706-EEF74BDAE6C3}.Debug|Any CPU.Build.0 = Debug|Any CPU
		{92DFCD0A-1A4B-410E-A706-EEF74BDAE6C3}.Debug|Any CPU.Deploy.0 = Debug|Any CPU
		{92DFCD0A-1A4B-410E-A706-EEF74BDAE6C3}.Debug|ARM.ActiveCfg = Debug|ARM
		{92DFCD0A-1A4B-410E-A706-EEF74BDAE6C3}.Debug|ARM.Build.0 = Debug|ARM
		{92DFCD0A-1A4B-410E-A706-EEF74BDAE6C3}.Debug|ARM.Deploy.0 = Debug|ARM
		{92DFCD0A-1A4B-410E-A706-EEF74BDAE6C3}.Debug|iPhone.ActiveCfg = Debug|Any CPU
		{92DFCD0A-1A4B-410E-A706-EEF74BDAE6C3}.Debug|iPhone.Build.0 = Debug|Any CPU
		{92DFCD0A-1A4B-410E-A706-EEF74BDAE6C3}.Debug|iPhone.Deploy.0 = Debug|Any CPU
		{92DFCD0A-1A4B-410E-A706-EEF74BDAE6C3}.Debug|iPhoneSimulator.ActiveCfg = Debug|Any CPU
		{92DFCD0A-1A4B-410E-A706-EEF74BDAE6C3}.Debug|iPhoneSimulator.Build.0 = Debug|Any CPU
		{92DFCD0A-1A4B-410E-A706-EEF74BDAE6C3}.Debug|iPhoneSimulator.Deploy.0 = Debug|Any CPU
		{92DFCD0A-1A4B-410E-A706-EEF74BDAE6C3}.Debug|x64.ActiveCfg = Debug|x64
		{92DFCD0A-1A4B-410E-A706-EEF74BDAE6C3}.Debug|x64.Build.0 = Debug|x64
		{92DFCD0A-1A4B-410E-A706-EEF74BDAE6C3}.Debug|x64.Deploy.0 = Debug|x64
		{92DFCD0A-1A4B-410E-A706-EEF74BDAE6C3}.Debug|x86.ActiveCfg = Debug|x86
		{92DFCD0A-1A4B-410E-A706-EEF74BDAE6C3}.Debug|x86.Build.0 = Debug|x86
		{92DFCD0A-1A4B-410E-A706-EEF74BDAE6C3}.Debug|x86.Deploy.0 = Debug|x86
		{92DFCD0A-1A4B-410E-A706-EEF74BDAE6C3}.Release|Any CPU.ActiveCfg = Release|Any CPU
		{92DFCD0A-1A4B-410E-A706-EEF74BDAE6C3}.Release|Any CPU.Build.0 = Release|Any CPU
		{92DFCD0A-1A4B-410E-A706-EEF74BDAE6C3}.Release|Any CPU.Deploy.0 = Release|Any CPU
		{92DFCD0A-1A4B-410E-A706-EEF74BDAE6C3}.Release|ARM.ActiveCfg = Release|ARM
		{92DFCD0A-1A4B-410E-A706-EEF74BDAE6C3}.Release|ARM.Build.0 = Release|ARM
		{92DFCD0A-1A4B-410E-A706-EEF74BDAE6C3}.Release|ARM.Deploy.0 = Release|ARM
		{92DFCD0A-1A4B-410E-A706-EEF74BDAE6C3}.Release|iPhone.ActiveCfg = Release|Any CPU
		{92DFCD0A-1A4B-410E-A706-EEF74BDAE6C3}.Release|iPhone.Build.0 = Release|Any CPU
		{92DFCD0A-1A4B-410E-A706-EEF74BDAE6C3}.Release|iPhone.Deploy.0 = Release|Any CPU
		{92DFCD0A-1A4B-410E-A706-EEF74BDAE6C3}.Release|iPhoneSimulator.ActiveCfg = Release|Any CPU
		{92DFCD0A-1A4B-410E-A706-EEF74BDAE6C3}.Release|iPhoneSimulator.Build.0 = Release|Any CPU
		{92DFCD0A-1A4B-410E-A706-EEF74BDAE6C3}.Release|iPhoneSimulator.Deploy.0 = Release|Any CPU
		{92DFCD0A-1A4B-410E-A706-EEF74BDAE6C3}.Release|x64.ActiveCfg = Release|x64
		{92DFCD0A-1A4B-410E-A706-EEF74BDAE6C3}.Release|x64.Build.0 = Release|x64
		{92DFCD0A-1A4B-410E-A706-EEF74BDAE6C3}.Release|x64.Deploy.0 = Release|x64
		{92DFCD0A-1A4B-410E-A706-EEF74BDAE6C3}.Release|x86.ActiveCfg = Release|x86
		{92DFCD0A-1A4B-410E-A706-EEF74BDAE6C3}.Release|x86.Build.0 = Release|x86
		{92DFCD0A-1A4B-410E-A706-EEF74BDAE6C3}.Release|x86.Deploy.0 = Release|x86
		{C97B45EE-92B6-4147-BCE9-8000D881D6FA}.Ad-Hoc|Any CPU.ActiveCfg = Release|Any CPU
		{C97B45EE-92B6-4147-BCE9-8000D881D6FA}.Ad-Hoc|Any CPU.Build.0 = Release|Any CPU
		{C97B45EE-92B6-4147-BCE9-8000D881D6FA}.Ad-Hoc|ARM.ActiveCfg = Release|Any CPU
		{C97B45EE-92B6-4147-BCE9-8000D881D6FA}.Ad-Hoc|ARM.Build.0 = Release|Any CPU
		{C97B45EE-92B6-4147-BCE9-8000D881D6FA}.Ad-Hoc|iPhone.ActiveCfg = Release|Any CPU
		{C97B45EE-92B6-4147-BCE9-8000D881D6FA}.Ad-Hoc|iPhone.Build.0 = Release|Any CPU
		{C97B45EE-92B6-4147-BCE9-8000D881D6FA}.Ad-Hoc|iPhoneSimulator.ActiveCfg = Release|Any CPU
		{C97B45EE-92B6-4147-BCE9-8000D881D6FA}.Ad-Hoc|iPhoneSimulator.Build.0 = Release|Any CPU
		{C97B45EE-92B6-4147-BCE9-8000D881D6FA}.Ad-Hoc|x64.ActiveCfg = Release|Any CPU
		{C97B45EE-92B6-4147-BCE9-8000D881D6FA}.Ad-Hoc|x64.Build.0 = Release|Any CPU
		{C97B45EE-92B6-4147-BCE9-8000D881D6FA}.Ad-Hoc|x86.ActiveCfg = Release|Any CPU
		{C97B45EE-92B6-4147-BCE9-8000D881D6FA}.Ad-Hoc|x86.Build.0 = Release|Any CPU
		{C97B45EE-92B6-4147-BCE9-8000D881D6FA}.AppStore|Any CPU.ActiveCfg = Release|Any CPU
		{C97B45EE-92B6-4147-BCE9-8000D881D6FA}.AppStore|Any CPU.Build.0 = Release|Any CPU
		{C97B45EE-92B6-4147-BCE9-8000D881D6FA}.AppStore|ARM.ActiveCfg = Release|Any CPU
		{C97B45EE-92B6-4147-BCE9-8000D881D6FA}.AppStore|ARM.Build.0 = Release|Any CPU
		{C97B45EE-92B6-4147-BCE9-8000D881D6FA}.AppStore|iPhone.ActiveCfg = Release|Any CPU
		{C97B45EE-92B6-4147-BCE9-8000D881D6FA}.AppStore|iPhone.Build.0 = Release|Any CPU
		{C97B45EE-92B6-4147-BCE9-8000D881D6FA}.AppStore|iPhoneSimulator.ActiveCfg = Release|Any CPU
		{C97B45EE-92B6-4147-BCE9-8000D881D6FA}.AppStore|iPhoneSimulator.Build.0 = Release|Any CPU
		{C97B45EE-92B6-4147-BCE9-8000D881D6FA}.AppStore|x64.ActiveCfg = Release|Any CPU
		{C97B45EE-92B6-4147-BCE9-8000D881D6FA}.AppStore|x64.Build.0 = Release|Any CPU
		{C97B45EE-92B6-4147-BCE9-8000D881D6FA}.AppStore|x86.ActiveCfg = Release|Any CPU
		{C97B45EE-92B6-4147-BCE9-8000D881D6FA}.AppStore|x86.Build.0 = Release|Any CPU
		{C97B45EE-92B6-4147-BCE9-8000D881D6FA}.Debug|Any CPU.ActiveCfg = Debug|Any CPU
		{C97B45EE-92B6-4147-BCE9-8000D881D6FA}.Debug|Any CPU.Build.0 = Debug|Any CPU
		{C97B45EE-92B6-4147-BCE9-8000D881D6FA}.Debug|ARM.ActiveCfg = Debug|Any CPU
		{C97B45EE-92B6-4147-BCE9-8000D881D6FA}.Debug|ARM.Build.0 = Debug|Any CPU
		{C97B45EE-92B6-4147-BCE9-8000D881D6FA}.Debug|iPhone.ActiveCfg = Debug|Any CPU
		{C97B45EE-92B6-4147-BCE9-8000D881D6FA}.Debug|iPhone.Build.0 = Debug|Any CPU
		{C97B45EE-92B6-4147-BCE9-8000D881D6FA}.Debug|iPhoneSimulator.ActiveCfg = Debug|Any CPU
		{C97B45EE-92B6-4147-BCE9-8000D881D6FA}.Debug|iPhoneSimulator.Build.0 = Debug|Any CPU
		{C97B45EE-92B6-4147-BCE9-8000D881D6FA}.Debug|x64.ActiveCfg = Debug|Any CPU
		{C97B45EE-92B6-4147-BCE9-8000D881D6FA}.Debug|x64.Build.0 = Debug|Any CPU
		{C97B45EE-92B6-4147-BCE9-8000D881D6FA}.Debug|x86.ActiveCfg = Debug|Any CPU
		{C97B45EE-92B6-4147-BCE9-8000D881D6FA}.Debug|x86.Build.0 = Debug|Any CPU
		{C97B45EE-92B6-4147-BCE9-8000D881D6FA}.Release|Any CPU.ActiveCfg = Release|Any CPU
		{C97B45EE-92B6-4147-BCE9-8000D881D6FA}.Release|Any CPU.Build.0 = Release|Any CPU
		{C97B45EE-92B6-4147-BCE9-8000D881D6FA}.Release|ARM.ActiveCfg = Release|Any CPU
		{C97B45EE-92B6-4147-BCE9-8000D881D6FA}.Release|ARM.Build.0 = Release|Any CPU
		{C97B45EE-92B6-4147-BCE9-8000D881D6FA}.Release|iPhone.ActiveCfg = Release|Any CPU
		{C97B45EE-92B6-4147-BCE9-8000D881D6FA}.Release|iPhone.Build.0 = Release|Any CPU
		{C97B45EE-92B6-4147-BCE9-8000D881D6FA}.Release|iPhoneSimulator.ActiveCfg = Release|Any CPU
		{C97B45EE-92B6-4147-BCE9-8000D881D6FA}.Release|iPhoneSimulator.Build.0 = Release|Any CPU
		{C97B45EE-92B6-4147-BCE9-8000D881D6FA}.Release|x64.ActiveCfg = Release|Any CPU
		{C97B45EE-92B6-4147-BCE9-8000D881D6FA}.Release|x64.Build.0 = Release|Any CPU
		{C97B45EE-92B6-4147-BCE9-8000D881D6FA}.Release|x86.ActiveCfg = Release|Any CPU
		{C97B45EE-92B6-4147-BCE9-8000D881D6FA}.Release|x86.Build.0 = Release|Any CPU
	EndGlobalSection
	GlobalSection(SolutionProperties) = preSolution
		HideSolutionNode = FALSE
	EndGlobalSection
EndGlobal
